
Microsoft Visual Studio Solution File, Format Version 12.00
# Visual Studio 15
VisualStudioVersion = 15.0.28307.489
MinimumVisualStudioVersion = 10.0.40219.1
Project("{FAE04EC0-301F-11D3-BF4B-00C04F79EFBC}") = "Lab3", "Lab3\Lab3.csproj", "{D840EC1C-79AE-4E24-90CD-7E893AE359CD}"
EndProject
Global
	GlobalSection(SolutionConfigurationPlatforms) = preSolution
		Debug|Any CPU = Debug|Any CPU
		Release|Any CPU = Release|Any CPU
	EndGlobalSection
	GlobalSection(ProjectConfigurationPlatforms) = postSolution
		{D840EC1C-79AE-4E24-90CD-7E893AE359CD}.Debug|Any CPU.ActiveCfg = Debug|Any CPU
		{D840EC1C-79AE-4E24-90CD-7E893AE359CD}.Debug|Any CPU.Build.0 = Debug|Any CPU
		{D840EC1C-79AE-4E24-90CD-7E893AE359CD}.Release|Any CPU.ActiveCfg = Release|Any CPU
		{D840EC1C-79AE-4E24-90CD-7E893AE359CD}.Release|Any CPU.Build.0 = Release|Any CPU
	EndGlobalSection
	GlobalSection(SolutionProperties) = preSolution
		HideSolutionNode = FALSE
	EndGlobalSection
	GlobalSection(ExtensibilityGlobals) = postSolution
		SolutionGuid = {E7AF8E73-D5B0-4504-B39F-B1106B3A7C61}
	EndGlobalSection
EndGlobal
